
Microsoft Visual Studio Solution File, Format Version 12.00
# Visual Studio Version 17
VisualStudioVersion = 17.10.35027.167
MinimumVisualStudioVersion = 10.0.40219.1
Project("{FAE04EC0-301F-11D3-BF4B-00C04F79EFBC}") = "StrategyStudy", "StrategyStudy\StrategyStudy.csproj", "{4C330A6C-1CD4-453A-ADD2-90469BAB9F5B}"
EndProject
Project("{FAE04EC0-301F-11D3-BF4B-00C04F79EFBC}") = "StrategyStudy.Core", "StrategyStudy.Core\StrategyStudy.Core.csproj", "{A7EEEDEA-8B4B-42B0-8C51-C73FAC85A3C2}"
EndProject
Global
	GlobalSection(SolutionConfigurationPlatforms) = preSolution
		Debug|Any CPU = Debug|Any CPU
		Release|Any CPU = Release|Any CPU
	EndGlobalSection
	GlobalSection(ProjectConfigurationPlatforms) = postSolution
		{4C330A6C-1CD4-453A-ADD2-90469BAB9F5B}.Debug|Any CPU.ActiveCfg = Debug|Any CPU
		{4C330A6C-1CD4-453A-ADD2-90469BAB9F5B}.Debug|Any CPU.Build.0 = Debug|Any CPU
		{4C330A6C-1CD4-453A-ADD2-90469BAB9F5B}.Release|Any CPU.ActiveCfg = Release|Any CPU
		{4C330A6C-1CD4-453A-ADD2-90469BAB9F5B}.Release|Any CPU.Build.0 = Release|Any CPU
		{A7EEEDEA-8B4B-42B0-8C51-C73FAC85A3C2}.Debug|Any CPU.ActiveCfg = Debug|Any CPU
		{A7EEEDEA-8B4B-42B0-8C51-C73FAC85A3C2}.Debug|Any CPU.Build.0 = Debug|Any CPU
		{A7EEEDEA-8B4B-42B0-8C51-C73FAC85A3C2}.Release|Any CPU.ActiveCfg = Release|Any CPU
		{A7EEEDEA-8B4B-42B0-8C51-C73FAC85A3C2}.Release|Any CPU.Build.0 = Release|Any CPU
	EndGlobalSection
	GlobalSection(SolutionProperties) = preSolution
		HideSolutionNode = FALSE
	EndGlobalSection
	GlobalSection(ExtensibilityGlobals) = postSolution
		SolutionGuid = {3EBD4A52-1FA5-437D-9F1A-C26ACCBE1CED}
	EndGlobalSection
EndGlobal
